
Microsoft Visual Studio Solution File, Format Version 12.00
# Visual Studio Version 17
VisualStudioVersion = 17.10.35122.118
MinimumVisualStudioVersion = 10.0.40219.1
Project("{8BC9CEB8-8B4A-11D0-8D11-00A0C91BC942}") = "multidimensional_arr", "multidimensional_arr\multidimensional_arr.vcxproj", "{EFD5A4B7-C797-4452-BF5C-3B69E141BD35}"
EndProject
Global
	GlobalSection(SolutionConfigurationPlatforms) = preSolution
		Debug|x64 = Debug|x64
		Debug|x86 = Debug|x86
		Release|x64 = Release|x64
		Release|x86 = Release|x86
	EndGlobalSection
	GlobalSection(ProjectConfigurationPlatforms) = postSolution
		{EFD5A4B7-C797-4452-BF5C-3B69E141BD35}.Debug|x64.ActiveCfg = Debug|x64
		{EFD5A4B7-C797-4452-BF5C-3B69E141BD35}.Debug|x64.Build.0 = Debug|x64
		{EFD5A4B7-C797-4452-BF5C-3B69E141BD35}.Debug|x86.ActiveCfg = Debug|Win32
		{EFD5A4B7-C797-4452-BF5C-3B69E141BD35}.Debug|x86.Build.0 = Debug|Win32
		{EFD5A4B7-C797-4452-BF5C-3B69E141BD35}.Release|x64.ActiveCfg = Release|x64
		{EFD5A4B7-C797-4452-BF5C-3B69E141BD35}.Release|x64.Build.0 = Release|x64
		{EFD5A4B7-C797-4452-BF5C-3B69E141BD35}.Release|x86.ActiveCfg = Release|Win32
		{EFD5A4B7-C797-4452-BF5C-3B69E141BD35}.Release|x86.Build.0 = Release|Win32
	EndGlobalSection
	GlobalSection(SolutionProperties) = preSolution
		HideSolutionNode = FALSE
	EndGlobalSection
	GlobalSection(ExtensibilityGlobals) = postSolution
		SolutionGuid = {7F625A38-6335-4427-BFCD-01EFC0C39CAD}
	EndGlobalSection
EndGlobal
